Microsoft Visual Studio Solution File, Format Version 12.00
# Visual Studio 15
VisualStudioVersion = 15.0.27004.2009
MinimumVisualStudioVersion = 15.0.26124.0
Project("{9A19103F-16F7-4668-BE54-9A1E7A4F7556}") = "quickcore", "quickcore\quickcore.csproj", "{E26D51FC-4AE8-4B00-8551-6376BF29E76C}"
EndProject
Project("{9A19103F-16F7-4668-BE54-9A1E7A4F7556}") = "inVteroCore", "inVteroCore\inVteroCore.csproj", "{04D23E9B-9306-4CE0-B54B-5E0405F548E1}"
EndProject
Project("{9A19103F-16F7-4668-BE54-9A1E7A4F7556}") = "Dia2Sharp", "Dia2Sharp\Dia2Sharp.csproj", "{3ED2E7C0-41F2-4D31-A1A3-507D40CA48AD}"
EndProject
Project("{2150E333-8FDC-42A3-9474-1A3956D46DE8}") = "Scripts", "Scripts", "{37B75418-F2B0-4E2D-845C-026A885FB9DF}"
	ProjectSection(SolutionItems) = preProject
		..\inVteroPS\CapstoneDisassembly.ps1 = ..\inVteroPS\CapstoneDisassembly.ps1
		..\Scripts\dt.sh = ..\Scripts\dt.sh
		..\inVteroPS\inVtero.ps1 = ..\inVteroPS\inVtero.ps1
		..\inVteroPS\inVteroPS.psd1 = ..\inVteroPS\inVteroPS.psd1
		..\inVteroPS\inVteroPS.psm1 = ..\inVteroPS\inVteroPS.psm1
		Show-TypeInfo.ps1 = Show-TypeInfo.ps1
	EndProjectSection
EndProject
Project("{2150E333-8FDC-42A3-9474-1A3956D46DE8}") = "SubModules", "SubModules", "{CF3F4994-0890-4AF1-BEAC-168B136F12BC}"
EndProject
Project("{9A19103F-16F7-4668-BE54-9A1E7A4F7556}") = "CapstoneCore", "SubModules\CapstoneCore\CapstoneCore.csproj", "{F4663CF7-D65A-455D-9F72-5B2DF0BB6882}"
EndProject
Global
	GlobalSection(SolutionConfigurationPlatforms) = preSolution
		DBG_LIN_3|Any CPU = DBG_LIN_3|Any CPU
		DBG_LIN_3|x64 = DBG_LIN_3|x64
		DBG_LIN_3|x86 = DBG_LIN_3|x86
		DBG_LIN_4|Any CPU = DBG_LIN_4|Any CPU
		DBG_LIN_4|x64 = DBG_LIN_4|x64
		DBG_LIN_4|x86 = DBG_LIN_4|x86
		DBG_WIN_V3|Any CPU = DBG_WIN_V3|Any CPU
		DBG_WIN_V3|x64 = DBG_WIN_V3|x64
		DBG_WIN_V3|x86 = DBG_WIN_V3|x86
		DBG_WIN_V4|Any CPU = DBG_WIN_V4|Any CPU
		DBG_WIN_V4|x64 = DBG_WIN_V4|x64
		DBG_WIN_V4|x86 = DBG_WIN_V4|x86
		Debug|Any CPU = Debug|Any CPU
		Debug|x64 = Debug|x64
		Debug|x86 = Debug|x86
		REL_LIN_3|Any CPU = REL_LIN_3|Any CPU
		REL_LIN_3|x64 = REL_LIN_3|x64
		REL_LIN_3|x86 = REL_LIN_3|x86
		REL_LIN_4|Any CPU = REL_LIN_4|Any CPU
		REL_LIN_4|x64 = REL_LIN_4|x64
		REL_LIN_4|x86 = REL_LIN_4|x86
		REL_WIN_V3|Any CPU = REL_WIN_V3|Any CPU
		REL_WIN_V3|x64 = REL_WIN_V3|x64
		REL_WIN_V3|x86 = REL_WIN_V3|x86
		REL_WIN_V4|Any CPU = REL_WIN_V4|Any CPU
		REL_WIN_V4|x64 = REL_WIN_V4|x64
		REL_WIN_V4|x86 = REL_WIN_V4|x86
		Release|Any CPU = Release|Any CPU
		Release|x64 = Release|x64
		Release|x86 = Release|x86
	EndGlobalSection
	GlobalSection(ProjectConfigurationPlatforms) = postSolution
		{E26D51FC-4AE8-4B00-8551-6376BF29E76C}.DBG_LIN_3|Any CPU.ActiveCfg = Debug|Any CPU
		{E26D51FC-4AE8-4B00-8551-6376BF29E76C}.DBG_LIN_3|Any CPU.Build.0 = Debug|Any CPU
		{E26D51FC-4AE8-4B00-8551-6376BF29E76C}.DBG_LIN_3|x64.ActiveCfg = Debug|Any CPU
		{E26D51FC-4AE8-4B00-8551-6376BF29E76C}.DBG_LIN_3|x64.Build.0 = Debug|Any CPU
		{E26D51FC-4AE8-4B00-8551-6376BF29E76C}.DBG_LIN_3|x86.ActiveCfg = Debug|Any CPU
		{E26D51FC-4AE8-4B00-8551-6376BF29E76C}.DBG_LIN_3|x86.Build.0 = Debug|Any CPU
		{E26D51FC-4AE8-4B00-8551-6376BF29E76C}.DBG_LIN_4|Any CPU.ActiveCfg = Debug|Any CPU
		{E26D51FC-4AE8-4B00-8551-6376BF29E76C}.DBG_LIN_4|Any CPU.Build.0 = Debug|Any CPU
		{E26D51FC-4AE8-4B00-8551-6376BF29E76C}.DBG_LIN_4|x64.ActiveCfg = Debug|Any CPU
		{E26D51FC-4AE8-4B00-8551-6376BF29E76C}.DBG_LIN_4|x64.Build.0 = Debug|Any CPU
		{E26D51FC-4AE8-4B00-8551-6376BF29E76C}.DBG_LIN_4|x86.ActiveCfg = Debug|Any CPU
		{E26D51FC-4AE8-4B00-8551-6376BF29E76C}.DBG_LIN_4|x86.Build.0 = Debug|Any CPU
		{E26D51FC-4AE8-4B00-8551-6376BF29E76C}.DBG_WIN_V3|Any CPU.ActiveCfg = Debug|Any CPU
		{E26D51FC-4AE8-4B00-8551-6376BF29E76C}.DBG_WIN_V3|Any CPU.Build.0 = Debug|Any CPU
		{E26D51FC-4AE8-4B00-8551-6376BF29E76C}.DBG_WIN_V3|x64.ActiveCfg = Debug|Any CPU
		{E26D51FC-4AE8-4B00-8551-6376BF29E76C}.DBG_WIN_V3|x64.Build.0 = Debug|Any CPU
		{E26D51FC-4AE8-4B00-8551-6376BF29E76C}.DBG_WIN_V3|x86.ActiveCfg = Debug|Any CPU
		{E26D51FC-4AE8-4B00-8551-6376BF29E76C}.DBG_WIN_V3|x86.Build.0 = Debug|Any CPU
		{E26D51FC-4AE8-4B00-8551-6376BF29E76C}.DBG_WIN_V4|Any CPU.ActiveCfg = Debug|Any CPU
		{E26D51FC-4AE8-4B00-8551-6376BF29E76C}.DBG_WIN_V4|Any CPU.Build.0 = Debug|Any CPU
		{E26D51FC-4AE8-4B00-8551-6376BF29E76C}.DBG_WIN_V4|x64.ActiveCfg = Debug|Any CPU
		{E26D51FC-4AE8-4B00-8551-6376BF29E76C}.DBG_WIN_V4|x64.Build.0 = Debug|Any CPU
		{E26D51FC-4AE8-4B00-8551-6376BF29E76C}.DBG_WIN_V4|x86.ActiveCfg = Debug|Any CPU
		{E26D51FC-4AE8-4B00-8551-6376BF29E76C}.DBG_WIN_V4|x86.Build.0 = Debug|Any CPU
		{E26D51FC-4AE8-4B00-8551-6376BF29E76C}.Debug|Any CPU.ActiveCfg = Debug|Any CPU
		{E26D51FC-4AE8-4B00-8551-6376BF29E76C}.Debug|Any CPU.Build.0 = Debug|Any CPU
		{E26D51FC-4AE8-4B00-8551-6376BF29E76C}.Debug|x64.ActiveCfg = Debug|Any CPU
		{E26D51FC-4AE8-4B00-8551-6376BF29E76C}.Debug|x64.Build.0 = Debug|Any CPU
		{E26D51FC-4AE8-4B00-8551-6376BF29E76C}.Debug|x86.ActiveCfg = Debug|Any CPU
		{E26D51FC-4AE8-4B00-8551-6376BF29E76C}.Debug|x86.Build.0 = Debug|Any CPU
		{E26D51FC-4AE8-4B00-8551-6376BF29E76C}.REL_LIN_3|Any CPU.ActiveCfg = Release|Any CPU
		{E26D51FC-4AE8-4B00-8551-6376BF29E76C}.REL_LIN_3|Any CPU.Build.0 = Release|Any CPU
		{E26D51FC-4AE8-4B00-8551-6376BF29E76C}.REL_LIN_3|x64.ActiveCfg = Release|Any CPU
		{E26D51FC-4AE8-4B00-8551-6376BF29E76C}.REL_LIN_3|x64.Build.0 = Release|Any CPU
		{E26D51FC-4AE8-4B00-8551-6376BF29E76C}.REL_LIN_3|x86.ActiveCfg = Release|Any CPU
		{E26D51FC-4AE8-4B00-8551-6376BF29E76C}.REL_LIN_3|x86.Build.0 = Release|Any CPU
		{E26D51FC-4AE8-4B00-8551-6376BF29E76C}.REL_LIN_4|Any CPU.ActiveCfg = Release|Any CPU
		{E26D51FC-4AE8-4B00-8551-6376BF29E76C}.REL_LIN_4|Any CPU.Build.0 = Release|Any CPU
		{E26D51FC-4AE8-4B00-8551-6376BF29E76C}.REL_LIN_4|x64.ActiveCfg = Release|Any CPU
		{E26D51FC-4AE8-4B00-8551-6376BF29E76C}.REL_LIN_4|x64.Build.0 = Release|Any CPU
		{E26D51FC-4AE8-4B00-8551-6376BF29E76C}.REL_LIN_4|x86.ActiveCfg = Release|Any CPU
		{E26D51FC-4AE8-4B00-8551-6376BF29E76C}.REL_LIN_4|x86.Build.0 = Release|Any CPU
		{E26D51FC-4AE8-4B00-8551-6376BF29E76C}.REL_WIN_V3|Any CPU.ActiveCfg = Release|Any CPU
		{E26D51FC-4AE8-4B00-8551-6376BF29E76C}.REL_WIN_V3|Any CPU.Build.0 = Release|Any CPU
		{E26D51FC-4AE8-4B00-8551-6376BF29E76C}.REL_WIN_V3|x64.ActiveCfg = Release|Any CPU
		{E26D51FC-4AE8-4B00-8551-6376BF29E76C}.REL_WIN_V3|x64.Build.0 = Release|Any CPU
		{E26D51FC-4AE8-4B00-8551-6376BF29E76C}.REL_WIN_V3|x86.ActiveCfg = Release|Any CPU
		{E26D51FC-4AE8-4B00-8551-6376BF29E76C}.REL_WIN_V3|x86.Build.0 = Release|Any CPU
		{E26D51FC-4AE8-4B00-8551-6376BF29E76C}.REL_WIN_V4|Any CPU.ActiveCfg = Release|Any CPU
		{E26D51FC-4AE8-4B00-8551-6376BF29E76C}.REL_WIN_V4|Any CPU.Build.0 = Release|Any CPU
		{E26D51FC-4AE8-4B00-8551-6376BF29E76C}.REL_WIN_V4|x64.ActiveCfg = Release|Any CPU
		{E26D51FC-4AE8-4B00-8551-6376BF29E76C}.REL_WIN_V4|x64.Build.0 = Release|Any CPU
		{E26D51FC-4AE8-4B00-8551-6376BF29E76C}.REL_WIN_V4|x86.ActiveCfg = Release|Any CPU
		{E26D51FC-4AE8-4B00-8551-6376BF29E76C}.REL_WIN_V4|x86.Build.0 = Release|Any CPU
		{E26D51FC-4AE8-4B00-8551-6376BF29E76C}.Release|Any CPU.ActiveCfg = Release|Any CPU
		{E26D51FC-4AE8-4B00-8551-6376BF29E76C}.Release|Any CPU.Build.0 = Release|Any CPU
		{E26D51FC-4AE8-4B00-8551-6376BF29E76C}.Release|x64.ActiveCfg = Release|Any CPU
		{E26D51FC-4AE8-4B00-8551-6376BF29E76C}.Release|x64.Build.0 = Release|Any CPU
		{E26D51FC-4AE8-4B00-8551-6376BF29E76C}.Release|x86.ActiveCfg = Release|Any CPU
		{E26D51FC-4AE8-4B00-8551-6376BF29E76C}.Release|x86.Build.0 = Release|Any CPU
		{04D23E9B-9306-4CE0-B54B-5E0405F548E1}.DBG_LIN_3|Any CPU.ActiveCfg = Debug|Any CPU
		{04D23E9B-9306-4CE0-B54B-5E0405F548E1}.DBG_LIN_3|Any CPU.Build.0 = Debug|Any CPU
		{04D23E9B-9306-4CE0-B54B-5E0405F548E1}.DBG_LIN_3|x64.ActiveCfg = Debug|Any CPU
		{04D23E9B-9306-4CE0-B54B-5E0405F548E1}.DBG_LIN_3|x64.Build.0 = Debug|Any CPU
		{04D23E9B-9306-4CE0-B54B-5E0405F548E1}.DBG_LIN_3|x86.ActiveCfg = Debug|Any CPU
		{04D23E9B-9306-4CE0-B54B-5E0405F548E1}.DBG_LIN_3|x86.Build.0 = Debug|Any CPU
		{04D23E9B-9306-4CE0-B54B-5E0405F548E1}.DBG_LIN_4|Any CPU.ActiveCfg = Debug|Any CPU
		{04D23E9B-9306-4CE0-B54B-5E0405F548E1}.DBG_LIN_4|Any CPU.Build.0 = Debug|Any CPU
		{04D23E9B-9306-4CE0-B54B-5E0405F548E1}.DBG_LIN_4|x64.ActiveCfg = Debug|Any CPU
		{04D23E9B-9306-4CE0-B54B-5E0405F548E1}.DBG_LIN_4|x64.Build.0 = Debug|Any CPU
		{04D23E9B-9306-4CE0-B54B-5E0405F548E1}.DBG_LIN_4|x86.ActiveCfg = Debug|Any CPU
		{04D23E9B-9306-4CE0-B54B-5E0405F548E1}.DBG_LIN_4|x86.Build.0 = Debug|Any CPU
		{04D23E9B-9306-4CE0-B54B-5E0405F548E1}.DBG_WIN_V3|Any CPU.ActiveCfg = Debug|Any CPU
		{04D23E9B-9306-4CE0-B54B-5E0405F548E1}.DBG_WIN_V3|Any CPU.Build.0 = Debug|Any CPU
		{04D23E9B-9306-4CE0-B54B-5E0405F548E1}.DBG_WIN_V3|x64.ActiveCfg = Debug|Any CPU
		{04D23E9B-9306-4CE0-B54B-5E0405F548E1}.DBG_WIN_V3|x64.Build.0 = Debug|Any CPU
		{04D23E9B-9306-4CE0-B54B-5E0405F548E1}.DBG_WIN_V3|x86.ActiveCfg = Debug|Any CPU
		{04D23E9B-9306-4CE0-B54B-5E0405F548E1}.DBG_WIN_V3|x86.Build.0 = Debug|Any CPU
		{04D23E9B-9306-4CE0-B54B-5E0405F548E1}.DBG_WIN_V4|Any CPU.ActiveCfg = Debug|Any CPU
		{04D23E9B-9306-4CE0-B54B-5E0405F548E1}.DBG_WIN_V4|Any CPU.Build.0 = Debug|Any CPU
		{04D23E9B-9306-4CE0-B54B-5E0405F548E1}.DBG_WIN_V4|x64.ActiveCfg = Debug|Any CPU
		{04D23E9B-9306-4CE0-B54B-5E0405F548E1}.DBG_WIN_V4|x64.Build.0 = Debug|Any CPU
		{04D23E9B-9306-4CE0-B54B-5E0405F548E1}.DBG_WIN_V4|x86.ActiveCfg = Debug|Any CPU
		{04D23E9B-9306-4CE0-B54B-5E0405F548E1}.DBG_WIN_V4|x86.Build.0 = Debug|Any CPU
		{04D23E9B-9306-4CE0-B54B-5E0405F548E1}.Debug|Any CPU.ActiveCfg = Debug|Any CPU
		{04D23E9B-9306-4CE0-B54B-5E0405F548E1}.Debug|Any CPU.Build.0 = Debug|Any CPU
		{04D23E9B-9306-4CE0-B54B-5E0405F548E1}.Debug|x64.ActiveCfg = Debug|Any CPU
		{04D23E9B-9306-4CE0-B54B-5E0405F548E1}.Debug|x64.Build.0 = Debug|Any CPU
		{04D23E9B-9306-4CE0-B54B-5E0405F548E1}.Debug|x86.ActiveCfg = Debug|Any CPU
		{04D23E9B-9306-4CE0-B54B-5E0405F548E1}.Debug|x86.Build.0 = Debug|Any CPU
		{04D23E9B-9306-4CE0-B54B-5E0405F548E1}.REL_LIN_3|Any CPU.ActiveCfg = Release|Any CPU
		{04D23E9B-9306-4CE0-B54B-5E0405F548E1}.REL_LIN_3|Any CPU.Build.0 = Release|Any CPU
		{04D23E9B-9306-4CE0-B54B-5E0405F548E1}.REL_LIN_3|x64.ActiveCfg = Release|Any CPU
		{04D23E9B-9306-4CE0-B54B-5E0405F548E1}.REL_LIN_3|x64.Build.0 = Release|Any CPU
		{04D23E9B-9306-4CE0-B54B-5E0405F548E1}.REL_LIN_3|x86.ActiveCfg = Release|Any CPU
		{04D23E9B-9306-4CE0-B54B-5E0405F548E1}.REL_LIN_3|x86.Build.0 = Release|Any CPU
		{04D23E9B-9306-4CE0-B54B-5E0405F548E1}.REL_LIN_4|Any CPU.ActiveCfg = Release|Any CPU
		{04D23E9B-9306-4CE0-B54B-5E0405F548E1}.REL_LIN_4|Any CPU.Build.0 = Release|Any CPU
		{04D23E9B-9306-4CE0-B54B-5E0405F548E1}.REL_LIN_4|x64.ActiveCfg = Release|Any CPU
		{04D23E9B-9306-4CE0-B54B-5E0405F548E1}.REL_LIN_4|x64.Build.0 = Release|Any CPU
		{04D23E9B-9306-4CE0-B54B-5E0405F548E1}.REL_LIN_4|x86.ActiveCfg = Release|Any CPU
		{04D23E9B-9306-4CE0-B54B-5E0405F548E1}.REL_LIN_4|x86.Build.0 = Release|Any CPU
		{04D23E9B-9306-4CE0-B54B-5E0405F548E1}.REL_WIN_V3|Any CPU.ActiveCfg = Release|Any CPU
		{04D23E9B-9306-4CE0-B54B-5E0405F548E1}.REL_WIN_V3|Any CPU.Build.0 = Release|Any CPU
		{04D23E9B-9306-4CE0-B54B-5E0405F548E1}.REL_WIN_V3|x64.ActiveCfg = Release|Any CPU
		{04D23E9B-9306-4CE0-B54B-5E0405F548E1}.REL_WIN_V3|x64.Build.0 = Release|Any CPU
		{04D23E9B-9306-4CE0-B54B-5E0405F548E1}.REL_WIN_V3|x86.ActiveCfg = Release|Any CPU
		{04D23E9B-9306-4CE0-B54B-5E0405F548E1}.REL_WIN_V3|x86.Build.0 = Release|Any CPU
		{04D23E9B-9306-4CE0-B54B-5E0405F548E1}.REL_WIN_V4|Any CPU.ActiveCfg = Release|Any CPU
		{04D23E9B-9306-4CE0-B54B-5E0405F548E1}.REL_WIN_V4|Any CPU.Build.0 = Release|Any CPU
		{04D23E9B-9306-4CE0-B54B-5E0405F548E1}.REL_WIN_V4|x64.ActiveCfg = Release|Any CPU
		{04D23E9B-9306-4CE0-B54B-5E0405F548E1}.REL_WIN_V4|x64.Build.0 = Release|Any CPU
		{04D23E9B-9306-4CE0-B54B-5E0405F548E1}.REL_WIN_V4|x86.ActiveCfg = Release|Any CPU
		{04D23E9B-9306-4CE0-B54B-5E0405F548E1}.REL_WIN_V4|x86.Build.0 = Release|Any CPU
		{04D23E9B-9306-4CE0-B54B-5E0405F548E1}.Release|Any CPU.ActiveCfg = Release|Any CPU
		{04D23E9B-9306-4CE0-B54B-5E0405F548E1}.Release|Any CPU.Build.0 = Release|Any CPU
		{04D23E9B-9306-4CE0-B54B-5E0405F548E1}.Release|x64.ActiveCfg = Release|Any CPU
		{04D23E9B-9306-4CE0-B54B-5E0405F548E1}.Release|x64.Build.0 = Release|Any CPU
		{04D23E9B-9306-4CE0-B54B-5E0405F548E1}.Release|x86.ActiveCfg = Release|Any CPU
		{04D23E9B-9306-4CE0-B54B-5E0405F548E1}.Release|x86.Build.0 = Release|Any CPU
		{3ED2E7C0-41F2-4D31-A1A3-507D40CA48AD}.DBG_LIN_3|Any CPU.ActiveCfg = Debug|Any CPU
		{3ED2E7C0-41F2-4D31-A1A3-507D40CA48AD}.DBG_LIN_3|Any CPU.Build.0 = Debug|Any CPU
		{3ED2E7C0-41F2-4D31-A1A3-507D40CA48AD}.DBG_LIN_3|x64.ActiveCfg = Debug|Any CPU
		{3ED2E7C0-41F2-4D31-A1A3-507D40CA48AD}.DBG_LIN_3|x64.Build.0 = Debug|Any CPU
		{3ED2E7C0-41F2-4D31-A1A3-507D40CA48AD}.DBG_LIN_3|x86.ActiveCfg = Debug|Any CPU
		{3ED2E7C0-41F2-4D31-A1A3-507D40CA48AD}.DBG_LIN_3|x86.Build.0 = Debug|Any CPU
		{3ED2E7C0-41F2-4D31-A1A3-507D40CA48AD}.DBG_LIN_4|Any CPU.ActiveCfg = Debug|Any CPU
		{3ED2E7C0-41F2-4D31-A1A3-507D40CA48AD}.DBG_LIN_4|Any CPU.Build.0 = Debug|Any CPU
		{3ED2E7C0-41F2-4D31-A1A3-507D40CA48AD}.DBG_LIN_4|x64.ActiveCfg = Debug|Any CPU
		{3ED2E7C0-41F2-4D31-A1A3-507D40CA48AD}.DBG_LIN_4|x64.Build.0 = Debug|Any CPU
		{3ED2E7C0-41F2-4D31-A1A3-507D40CA48AD}.DBG_LIN_4|x86.ActiveCfg = Debug|Any CPU
		{3ED2E7C0-41F2-4D31-A1A3-507D40CA48AD}.DBG_LIN_4|x86.Build.0 = Debug|Any CPU
		{3ED2E7C0-41F2-4D31-A1A3-507D40CA48AD}.DBG_WIN_V3|Any CPU.ActiveCfg = Debug|Any CPU
		{3ED2E7C0-41F2-4D31-A1A3-507D40CA48AD}.DBG_WIN_V3|Any CPU.Build.0 = Debug|Any CPU
		{3ED2E7C0-41F2-4D31-A1A3-507D40CA48AD}.DBG_WIN_V3|x64.ActiveCfg = Debug|Any CPU
		{3ED2E7C0-41F2-4D31-A1A3-507D40CA48AD}.DBG_WIN_V3|x64.Build.0 = Debug|Any CPU
		{3ED2E7C0-41F2-4D31-A1A3-507D40CA48AD}.DBG_WIN_V3|x86.ActiveCfg = Debug|Any CPU
		{3ED2E7C0-41F2-4D31-A1A3-507D40CA48AD}.DBG_WIN_V3|x86.Build.0 = Debug|Any CPU
		{3ED2E7C0-41F2-4D31-A1A3-507D40CA48AD}.DBG_WIN_V4|Any CPU.ActiveCfg = Debug|Any CPU
		{3ED2E7C0-41F2-4D31-A1A3-507D40CA48AD}.DBG_WIN_V4|Any CPU.Build.0 = Debug|Any CPU
		{3ED2E7C0-41F2-4D31-A1A3-507D40CA48AD}.DBG_WIN_V4|x64.ActiveCfg = Debug|Any CPU
		{3ED2E7C0-41F2-4D31-A1A3-507D40CA48AD}.DBG_WIN_V4|x64.Build.0 = Debug|Any CPU
		{3ED2E7C0-41F2-4D31-A1A3-507D40CA48AD}.DBG_WIN_V4|x86.ActiveCfg = Debug|Any CPU
		{3ED2E7C0-41F2-4D31-A1A3-507D40CA48AD}.DBG_WIN_V4|x86.Build.0 = Debug|Any CPU
		{3ED2E7C0-41F2-4D31-A1A3-507D40CA48AD}.Debug|Any CPU.ActiveCfg = Debug|Any CPU
		{3ED2E7C0-41F2-4D31-A1A3-507D40CA48AD}.Debug|Any CPU.Build.0 = Debug|Any CPU
		{3ED2E7C0-41F2-4D31-A1A3-507D40CA48AD}.Debug|x64.ActiveCfg = Debug|Any CPU
		{3ED2E7C0-41F2-4D31-A1A3-507D40CA48AD}.Debug|x64.Build.0 = Debug|Any CPU
		{3ED2E7C0-41F2-4D31-A1A3-507D40CA48AD}.Debug|x86.ActiveCfg = Debug|Any CPU
		{3ED2E7C0-41F2-4D31-A1A3-507D40CA48AD}.Debug|x86.Build.0 = Debug|Any CPU
		{3ED2E7C0-41F2-4D31-A1A3-507D40CA48AD}.REL_LIN_3|Any CPU.ActiveCfg = Release|Any CPU
		{3ED2E7C0-41F2-4D31-A1A3-507D40CA48AD}.REL_LIN_3|Any CPU.Build.0 = Release|Any CPU
		{3ED2E7C0-41F2-4D31-A1A3-507D40CA48AD}.REL_LIN_3|x64.ActiveCfg = Release|Any CPU
		{3ED2E7C0-41F2-4D31-A1A3-507D40CA48AD}.REL_LIN_3|x64.Build.0 = Release|Any CPU
		{3ED2E7C0-41F2-4D31-A1A3-507D40CA48AD}.REL_LIN_3|x86.ActiveCfg = Release|Any CPU
		{3ED2E7C0-41F2-4D31-A1A3-507D40CA48AD}.REL_LIN_3|x86.Build.0 = Release|Any CPU
		{3ED2E7C0-41F2-4D31-A1A3-507D40CA48AD}.REL_LIN_4|Any CPU.ActiveCfg = Release|Any CPU
		{3ED2E7C0-41F2-4D31-A1A3-507D40CA48AD}.REL_LIN_4|Any CPU.Build.0 = Release|Any CPU
		{3ED2E7C0-41F2-4D31-A1A3-507D40CA48AD}.REL_LIN_4|x64.ActiveCfg = Release|Any CPU
		{3ED2E7C0-41F2-4D31-A1A3-507D40CA48AD}.REL_LIN_4|x64.Build.0 = Release|Any CPU
		{3ED2E7C0-41F2-4D31-A1A3-507D40CA48AD}.REL_LIN_4|x86.ActiveCfg = Release|Any CPU
		{3ED2E7C0-41F2-4D31-A1A3-507D40CA48AD}.REL_LIN_4|x86.Build.0 = Release|Any CPU
		{3ED2E7C0-41F2-4D31-A1A3-507D40CA48AD}.REL_WIN_V3|Any CPU.ActiveCfg = Release|Any CPU
		{3ED2E7C0-41F2-4D31-A1A3-507D40CA48AD}.REL_WIN_V3|Any CPU.Build.0 = Release|Any CPU
		{3ED2E7C0-41F2-4D31-A1A3-507D40CA48AD}.REL_WIN_V3|x64.ActiveCfg = Release|Any CPU
		{3ED2E7C0-41F2-4D31-A1A3-507D40CA48AD}.REL_WIN_V3|x64.Build.0 = Release|Any CPU
		{3ED2E7C0-41F2-4D31-A1A3-507D40CA48AD}.REL_WIN_V3|x86.ActiveCfg = Release|Any CPU
		{3ED2E7C0-41F2-4D31-A1A3-507D40CA48AD}.REL_WIN_V3|x86.Build.0 = Release|Any CPU
		{3ED2E7C0-41F2-4D31-A1A3-507D40CA48AD}.REL_WIN_V4|Any CPU.ActiveCfg = Release|Any CPU
		{3ED2E7C0-41F2-4D31-A1A3-507D40CA48AD}.REL_WIN_V4|Any CPU.Build.0 = Release|Any CPU
		{3ED2E7C0-41F2-4D31-A1A3-507D40CA48AD}.REL_WIN_V4|x64.ActiveCfg = Release|Any CPU
		{3ED2E7C0-41F2-4D31-A1A3-507D40CA48AD}.REL_WIN_V4|x64.Build.0 = Release|Any CPU
		{3ED2E7C0-41F2-4D31-A1A3-507D40CA48AD}.REL_WIN_V4|x86.ActiveCfg = Release|Any CPU
		{3ED2E7C0-41F2-4D31-A1A3-507D40CA48AD}.REL_WIN_V4|x86.Build.0 = Release|Any CPU
		{3ED2E7C0-41F2-4D31-A1A3-507D40CA48AD}.Release|Any CPU.ActiveCfg = Release|Any CPU
		{3ED2E7C0-41F2-4D31-A1A3-507D40CA48AD}.Release|Any CPU.Build.0 = Release|Any CPU
		{3ED2E7C0-41F2-4D31-A1A3-507D40CA48AD}.Release|x64.ActiveCfg = Release|Any CPU
		{3ED2E7C0-41F2-4D31-A1A3-507D40CA48AD}.Release|x64.Build.0 = Release|Any CPU
		{3ED2E7C0-41F2-4D31-A1A3-507D40CA48AD}.Release|x86.ActiveCfg = Release|Any CPU
		{3ED2E7C0-41F2-4D31-A1A3-507D40CA48AD}.Release|x86.Build.0 = Release|Any CPU
		{F4663CF7-D65A-455D-9F72-5B2DF0BB6882}.DBG_LIN_3|Any CPU.ActiveCfg = DBG_LIN_3|Any CPU
		{F4663CF7-D65A-455D-9F72-5B2DF0BB6882}.DBG_LIN_3|Any CPU.Build.0 = DBG_LIN_3|Any CPU
		{F4663CF7-D65A-455D-9F72-5B2DF0BB6882}.DBG_LIN_3|x64.ActiveCfg = DBG_LIN_3|Any CPU
		{F4663CF7-D65A-455D-9F72-5B2DF0BB6882}.DBG_LIN_3|x64.Build.0 = DBG_LIN_3|Any CPU
		{F4663CF7-D65A-455D-9F72-5B2DF0BB6882}.DBG_LIN_3|x86.ActiveCfg = DBG_LIN_3|Any CPU
		{F4663CF7-D65A-455D-9F72-5B2DF0BB6882}.DBG_LIN_3|x86.Build.0 = DBG_LIN_3|Any CPU
		{F4663CF7-D65A-455D-9F72-5B2DF0BB6882}.DBG_LIN_4|Any CPU.ActiveCfg = DBG_LIN_4|Any CPU
		{F4663CF7-D65A-455D-9F72-5B2DF0BB6882}.DBG_LIN_4|Any CPU.Build.0 = DBG_LIN_4|Any CPU
		{F4663CF7-D65A-455D-9F72-5B2DF0BB6882}.DBG_LIN_4|x64.ActiveCfg = DBG_LIN_4|Any CPU
		{F4663CF7-D65A-455D-9F72-5B2DF0BB6882}.DBG_LIN_4|x64.Build.0 = DBG_LIN_4|Any CPU
		{F4663CF7-D65A-455D-9F72-5B2DF0BB6882}.DBG_LIN_4|x86.ActiveCfg = DBG_LIN_4|Any CPU
		{F4663CF7-D65A-455D-9F72-5B2DF0BB6882}.DBG_LIN_4|x86.Build.0 = DBG_LIN_4|Any CPU
		{F4663CF7-D65A-455D-9F72-5B2DF0BB6882}.DBG_WIN_V3|Any CPU.ActiveCfg = DBG_WIN_V3|Any CPU
		{F4663CF7-D65A-455D-9F72-5B2DF0BB6882}.DBG_WIN_V3|Any CPU.Build.0 = DBG_WIN_V3|Any CPU
		{F4663CF7-D65A-455D-9F72-5B2DF0BB6882}.DBG_WIN_V3|x64.ActiveCfg = DBG_WIN_V3|Any CPU
		{F4663CF7-D65A-455D-9F72-5B2DF0BB6882}.DBG_WIN_V3|x64.Build.0 = DBG_WIN_V3|Any CPU
		{F4663CF7-D65A-455D-9F72-5B2DF0BB6882}.DBG_WIN_V3|x86.ActiveCfg = DBG_WIN_V3|Any CPU
		{F4663CF7-D65A-455D-9F72-5B2DF0BB6882}.DBG_WIN_V3|x86.Build.0 = DBG_WIN_V3|Any CPU
		{F4663CF7-D65A-455D-9F72-5B2DF0BB6882}.DBG_WIN_V4|Any CPU.ActiveCfg = DBG_WIN_V4|Any CPU
		{F4663CF7-D65A-455D-9F72-5B2DF0BB6882}.DBG_WIN_V4|Any CPU.Build.0 = DBG_WIN_V4|Any CPU
		{F4663CF7-D65A-455D-9F72-5B2DF0BB6882}.DBG_WIN_V4|x64.ActiveCfg = DBG_WIN_V4|Any CPU
		{F4663CF7-D65A-455D-9F72-5B2DF0BB6882}.DBG_WIN_V4|x64.Build.0 = DBG_WIN_V4|Any CPU
		{F4663CF7-D65A-455D-9F72-5B2DF0BB6882}.DBG_WIN_V4|x86.ActiveCfg = DBG_WIN_V4|Any CPU
		{F4663CF7-D65A-455D-9F72-5B2DF0BB6882}.DBG_WIN_V4|x86.Build.0 = DBG_WIN_V4|Any CPU
		{F4663CF7-D65A-455D-9F72-5B2DF0BB6882}.Debug|Any CPU.ActiveCfg = DBG_WIN_V3|Any CPU
		{F4663CF7-D65A-455D-9F72-5B2DF0BB6882}.Debug|Any CPU.Build.0 = DBG_WIN_V3|Any CPU
		{F4663CF7-D65A-455D-9F72-5B2DF0BB6882}.Debug|x64.ActiveCfg = DBG_WIN_V3|Any CPU
		{F4663CF7-D65A-455D-9F72-5B2DF0BB6882}.Debug|x64.Build.0 = DBG_WIN_V3|Any CPU
		{F4663CF7-D65A-455D-9F72-5B2DF0BB6882}.Debug|x86.ActiveCfg = DBG_WIN_V3|Any CPU
		{F4663CF7-D65A-455D-9F72-5B2DF0BB6882}.Debug|x86.Build.0 = DBG_WIN_V3|Any CPU
		{F4663CF7-D65A-455D-9F72-5B2DF0BB6882}.REL_LIN_3|Any CPU.ActiveCfg = REL_LIN_3|Any CPU
		{F4663CF7-D65A-455D-9F72-5B2DF0BB6882}.REL_LIN_3|Any CPU.Build.0 = REL_LIN_3|Any CPU
		{F4663CF7-D65A-455D-9F72-5B2DF0BB6882}.REL_LIN_3|x64.ActiveCfg = REL_LIN_3|Any CPU
		{F4663CF7-D65A-455D-9F72-5B2DF0BB6882}.REL_LIN_3|x64.Build.0 = REL_LIN_3|Any CPU
		{F4663CF7-D65A-455D-9F72-5B2DF0BB6882}.REL_LIN_3|x86.ActiveCfg = REL_LIN_3|Any CPU
		{F4663CF7-D65A-455D-9F72-5B2DF0BB6882}.REL_LIN_3|x86.Build.0 = REL_LIN_3|Any CPU
		{F4663CF7-D65A-455D-9F72-5B2DF0BB6882}.REL_LIN_4|Any CPU.ActiveCfg = REL_LIN_4|Any CPU
		{F4663CF7-D65A-455D-9F72-5B2DF0BB6882}.REL_LIN_4|Any CPU.Build.0 = REL_LIN_4|Any CPU
		{F4663CF7-D65A-455D-9F72-5B2DF0BB6882}.REL_LIN_4|x64.ActiveCfg = REL_LIN_4|Any CPU
		{F4663CF7-D65A-455D-9F72-5B2DF0BB6882}.REL_LIN_4|x64.Build.0 = REL_LIN_4|Any CPU
		{F4663CF7-D65A-455D-9F72-5B2DF0BB6882}.REL_LIN_4|x86.ActiveCfg = REL_LIN_4|Any CPU
		{F4663CF7-D65A-455D-9F72-5B2DF0BB6882}.REL_LIN_4|x86.Build.0 = REL_LIN_4|Any CPU
		{F4663CF7-D65A-455D-9F72-5B2DF0BB6882}.REL_WIN_V3|Any CPU.ActiveCfg = REL_WIN_V3|Any CPU
		{F4663CF7-D65A-455D-9F72-5B2DF0BB6882}.REL_WIN_V3|Any CPU.Build.0 = REL_WIN_V3|Any CPU
		{F4663CF7-D65A-455D-9F72-5B2DF0BB6882}.REL_WIN_V3|x64.ActiveCfg = REL_WIN_V3|Any CPU
		{F4663CF7-D65A-455D-9F72-5B2DF0BB6882}.REL_WIN_V3|x64.Build.0 = REL_WIN_V3|Any CPU
		{F4663CF7-D65A-455D-9F72-5B2DF0BB6882}.REL_WIN_V3|x86.ActiveCfg = REL_WIN_V3|Any CPU
		{F4663CF7-D65A-455D-9F72-5B2DF0BB6882}.REL_WIN_V3|x86.Build.0 = REL_WIN_V3|Any CPU
		{F4663CF7-D65A-455D-9F72-5B2DF0BB6882}.REL_WIN_V4|Any CPU.ActiveCfg = REL_WIN_V4|Any CPU
		{F4663CF7-D65A-455D-9F72-5B2DF0BB6882}.REL_WIN_V4|Any CPU.Build.0 = REL_WIN_V4|Any CPU
		{F4663CF7-D65A-455D-9F72-5B2DF0BB6882}.REL_WIN_V4|x64.ActiveCfg = REL_WIN_V4|Any CPU
		{F4663CF7-D65A-455D-9F72-5B2DF0BB6882}.REL_WIN_V4|x64.Build.0 = REL_WIN_V4|Any CPU
		{F4663CF7-D65A-455D-9F72-5B2DF0BB6882}.REL_WIN_V4|x86.ActiveCfg = REL_WIN_V4|Any CPU
		{F4663CF7-D65A-455D-9F72-5B2DF0BB6882}.REL_WIN_V4|x86.Build.0 = REL_WIN_V4|Any CPU
		{F4663CF7-D65A-455D-9F72-5B2DF0BB6882}.Release|Any CPU.ActiveCfg = REL_LIN_3|Any CPU
		{F4663CF7-D65A-455D-9F72-5B2DF0BB6882}.Release|Any CPU.Build.0 = REL_LIN_3|Any CPU
		{F4663CF7-D65A-455D-9F72-5B2DF0BB6882}.Release|x64.ActiveCfg = REL_WIN_V3|Any CPU
		{F4663CF7-D65A-455D-9F72-5B2DF0BB6882}.Release|x64.Build.0 = REL_WIN_V3|Any CPU
		{F4663CF7-D65A-455D-9F72-5B2DF0BB6882}.Release|x86.ActiveCfg = REL_WIN_V3|Any CPU
		{F4663CF7-D65A-455D-9F72-5B2DF0BB6882}.Release|x86.Build.0 = REL_WIN_V3|Any CPU
	EndGlobalSection
	GlobalSection(SolutionProperties) = preSolution
		HideSolutionNode = FALSE
	EndGlobalSection
	GlobalSection(NestedProjects) = preSolution
		{F4663CF7-D65A-455D-9F72-5B2DF0BB6882} = {CF3F4994-0890-4AF1-BEAC-168B136F12BC}
	EndGlobalSection
	GlobalSection(ExtensibilityGlobals) = postSolution
		SolutionGuid = {B0CC9161-7D6B-4E2C-8604-80F2ED662384}
	EndGlobalSection
EndGlobal
